{
  "name": "ast_stu",
  "version": "0.1.0",
  "lockfileVersion": 1,
  "requires": true,
  "dependencies": {
    "ast-types": {
      "version": "0.14.2",
      "resolved": "http://10.114.31.247/ast-types/-/ast-types-0.14.2.tgz",
      "integrity": "sha1-YAuILfhYPjzU8t9fog+oN1nUvf0=",
      "requires": {
        "tslib": "^2.0.1"
      }
    },
    "esprima": {
      "version": "4.0.1",
      "resolved": "http://10.114.31.247/esprima/-/esprima-4.0.1.tgz",
      "integrity": "sha1-E7BM2z5sXRnfkatph6hpVhmwqnE="
    },
    "recast": {
      "version": "0.20.4",
      "resolved": "http://10.114.31.247/recast/-/recast-0.20.4.tgz",
      "integrity": "sha1-21WYPqxwxGs//5bI5GfWX/tKerw=",
      "requires": {
        "ast-types": "0.14.2",
        "esprima": "~4.0.0",
        "source-map": "~0.6.1",
        "tslib": "^2.0.1"
      }
    },
    "source-map": {
      "version": "0.6.1",
      "resolved": "http://10.114.31.247/source-map/-/source-map-0.6.1.tgz",
      "integrity": "sha1-dHIq8y6WFOnCh6jQu95IteLxomM="
    },
    "tslib": {
      "version": "2.0.3",
      "resolved": "http://10.114.31.247/tslib/-/tslib-2.0.3.tgz",
      "integrity": "sha1-jgdBrEX8DCJuWKF7/D5kubxsphw="
    }
  }
}
